
Microsoft Visual Studio Solution File, Format Version 12.00
# Visual Studio Version 17
VisualStudioVersion = 17.0.31903.59
MinimumVisualStudioVersion = 10.0.40219.1
Project("{2150E333-8FDC-42A3-9474-1A3956D46DE8}") = "Shared", "Shared", "{4F52FD11-658E-A102-6CD3-7D7C16FFA15B}"
EndProject
Project("{FAE04EC0-301F-11D3-BF4B-00C04F79EFBC}") = "Antrapol.IdP.SharedKernel", "Shared\Antrapol.IdP.SharedKernel\Antrapol.IdP.SharedKernel.csproj", "{4F166BEF-B081-4C10-BA08-8723AC3D02F3}"
EndProject
Project("{FAE04EC0-301F-11D3-BF4B-00C04F79EFBC}") = "Antrapol.IdP.Common", "Shared\Antrapol.IdP.Common\Antrapol.IdP.Common.csproj", "{96017ADF-70A0-4869-9708-FDB7BE29A34E}"
EndProject
Project("{FAE04EC0-301F-11D3-BF4B-00C04F79EFBC}") = "Antrapol.IdP.Api", "Antrapol.IdP.Api\Antrapol.IdP.Api.csproj", "{BB39C573-EFFE-4301-A8F4-A9C8BA4366B8}"
EndProject
Project("{2150E333-8FDC-42A3-9474-1A3956D46DE8}") = "Modules", "Modules", "{CA253913-39DE-BFD0-C9A3-4B7EC6FBDF17}"
EndProject
Project("{2150E333-8FDC-42A3-9474-1A3956D46DE8}") = "Identity", "Identity", "{293C06CD-4E17-48BD-9F3B-B5ADDFFA9425}"
EndProject
Project("{FAE04EC0-301F-11D3-BF4B-00C04F79EFBC}") = "Antrapol.IdP.Identity.Domain", "Modules\Identity\Antrapol.IdP.Identity.Domain\Antrapol.IdP.Identity.Domain.csproj", "{8FDFB85A-048D-4683-9710-2A6183F6CBD3}"
EndProject
Project("{FAE04EC0-301F-11D3-BF4B-00C04F79EFBC}") = "Antrapol.IdP.Identity.Application", "Modules\Identity\Antrapol.IdP.Identity.Application\Antrapol.IdP.Identity.Application.csproj", "{30E44BDF-A870-473A-BB58-12C5261BC4F7}"
EndProject
Project("{FAE04EC0-301F-11D3-BF4B-00C04F79EFBC}") = "Antrapol.IdP.Identity.Infrastructure", "Modules\Identity\Antrapol.IdP.Identity.Infrastructure\Antrapol.IdP.Identity.Infrastructure.csproj", "{0FB9E6D0-6F9B-4729-A903-76A77A89EAD4}"
EndProject
Project("{FAE04EC0-301F-11D3-BF4B-00C04F79EFBC}") = "Antrapol.IdP.Identity.Api", "Modules\Identity\Antrapol.IdP.Identity.Api\Antrapol.IdP.Identity.Api.csproj", "{8DB30D7C-A469-4DB0-B840-9999DBBCA490}"
EndProject
Project("{2150E333-8FDC-42A3-9474-1A3956D46DE8}") = "Certificate", "Certificate", "{00BF2CC4-970F-F782-7280-48E68B688FBA}"
EndProject
Project("{FAE04EC0-301F-11D3-BF4B-00C04F79EFBC}") = "Antrapol.IdP.Certificate.Domain", "Modules\Certificate\Antrapol.IdP.Certificate.Domain\Antrapol.IdP.Certificate.Domain.csproj", "{E0527FDA-B542-4828-9786-7938CCA42DD6}"
EndProject
Project("{FAE04EC0-301F-11D3-BF4B-00C04F79EFBC}") = "Antrapol.IdP.Certificate.Application", "Modules\Certificate\Antrapol.IdP.Certificate.Application\Antrapol.IdP.Certificate.Application.csproj", "{8DA457F4-553F-4E10-A43A-C4D8CC251E05}"
EndProject
Project("{FAE04EC0-301F-11D3-BF4B-00C04F79EFBC}") = "Antrapol.IdP.Certificate.Infrastructure", "Modules\Certificate\Antrapol.IdP.Certificate.Infrastructure\Antrapol.IdP.Certificate.Infrastructure.csproj", "{07DAE9B7-B62E-4538-961C-3007CA0F6F45}"
EndProject
Project("{FAE04EC0-301F-11D3-BF4B-00C04F79EFBC}") = "Antrapol.IdP.Certificate.Api", "Modules\Certificate\Antrapol.IdP.Certificate.Api\Antrapol.IdP.Certificate.Api.csproj", "{EF865CDC-514C-48A8-8E51-8FABF890F8E9}"
EndProject
Project("{2150E333-8FDC-42A3-9474-1A3956D46DE8}") = "Crypto", "Crypto", "{C61AC04F-0517-BE09-B648-1B01CF353285}"
EndProject
Project("{FAE04EC0-301F-11D3-BF4B-00C04F79EFBC}") = "Antrapol.IdP.Crypto.Domain", "Modules\Crypto\Antrapol.IdP.Crypto.Domain\Antrapol.IdP.Crypto.Domain.csproj", "{355D5674-D702-49E3-93AA-766170315EB7}"
EndProject
Project("{FAE04EC0-301F-11D3-BF4B-00C04F79EFBC}") = "Antrapol.IdP.Crypto.Application", "Modules\Crypto\Antrapol.IdP.Crypto.Application\Antrapol.IdP.Crypto.Application.csproj", "{87E383D8-65F2-48C0-905B-3185E3B039DB}"
EndProject
Project("{FAE04EC0-301F-11D3-BF4B-00C04F79EFBC}") = "Antrapol.IdP.Crypto.Infrastructure", "Modules\Crypto\Antrapol.IdP.Crypto.Infrastructure\Antrapol.IdP.Crypto.Infrastructure.csproj", "{7561640E-45D7-400F-9D93-2B8988A036D7}"
EndProject
Project("{FAE04EC0-301F-11D3-BF4B-00C04F79EFBC}") = "Antrapol.IdP.Crypto.Api", "Modules\Crypto\Antrapol.IdP.Crypto.Api\Antrapol.IdP.Crypto.Api.csproj", "{AA2BD0A2-5F29-4DF9-AC4D-502C560BC423}"
EndProject
Project("{2150E333-8FDC-42A3-9474-1A3956D46DE8}") = "Admin", "Admin", "{E0F3FF92-BB8A-7B6F-817B-58792AAD083B}"
EndProject
Project("{FAE04EC0-301F-11D3-BF4B-00C04F79EFBC}") = "Antrapol.IdP.Admin.Domain", "Modules\Admin\Antrapol.IdP.Admin.Domain\Antrapol.IdP.Admin.Domain.csproj", "{1AC536A6-AC0D-4DE2-B758-E0A05450F38C}"
EndProject
Project("{FAE04EC0-301F-11D3-BF4B-00C04F79EFBC}") = "Antrapol.IdP.Admin.Application", "Modules\Admin\Antrapol.IdP.Admin.Application\Antrapol.IdP.Admin.Application.csproj", "{F9CB311E-A69C-4190-B1C3-F79AFA97C05B}"
EndProject
Project("{FAE04EC0-301F-11D3-BF4B-00C04F79EFBC}") = "Antrapol.IdP.Admin.Infrastructure", "Modules\Admin\Antrapol.IdP.Admin.Infrastructure\Antrapol.IdP.Admin.Infrastructure.csproj", "{0035DC4F-7A1F-4846-A23F-F434C43A22D9}"
EndProject
Project("{FAE04EC0-301F-11D3-BF4B-00C04F79EFBC}") = "Antrapol.IdP.Admin.Api", "Modules\Admin\Antrapol.IdP.Admin.Api\Antrapol.IdP.Admin.Api.csproj", "{972ED071-1E70-4699-B586-4124DE269C8D}"
EndProject
Global
	GlobalSection(SolutionConfigurationPlatforms) = preSolution
		Debug|Any CPU = Debug|Any CPU
		Debug|x64 = Debug|x64
		Debug|x86 = Debug|x86
		Release|Any CPU = Release|Any CPU
		Release|x64 = Release|x64
		Release|x86 = Release|x86
	EndGlobalSection
	GlobalSection(ProjectConfigurationPlatforms) = postSolution
		{4F166BEF-B081-4C10-BA08-8723AC3D02F3}.Debug|Any CPU.ActiveCfg = Debug|Any CPU
		{4F166BEF-B081-4C10-BA08-8723AC3D02F3}.Debug|Any CPU.Build.0 = Debug|Any CPU
		{4F166BEF-B081-4C10-BA08-8723AC3D02F3}.Debug|x64.ActiveCfg = Debug|Any CPU
		{4F166BEF-B081-4C10-BA08-8723AC3D02F3}.Debug|x64.Build.0 = Debug|Any CPU
		{4F166BEF-B081-4C10-BA08-8723AC3D02F3}.Debug|x86.ActiveCfg = Debug|Any CPU
		{4F166BEF-B081-4C10-BA08-8723AC3D02F3}.Debug|x86.Build.0 = Debug|Any CPU
		{4F166BEF-B081-4C10-BA08-8723AC3D02F3}.Release|Any CPU.ActiveCfg = Release|Any CPU
		{4F166BEF-B081-4C10-BA08-8723AC3D02F3}.Release|Any CPU.Build.0 = Release|Any CPU
		{4F166BEF-B081-4C10-BA08-8723AC3D02F3}.Release|x64.ActiveCfg = Release|Any CPU
		{4F166BEF-B081-4C10-BA08-8723AC3D02F3}.Release|x64.Build.0 = Release|Any CPU
		{4F166BEF-B081-4C10-BA08-8723AC3D02F3}.Release|x86.ActiveCfg = Release|Any CPU
		{4F166BEF-B081-4C10-BA08-8723AC3D02F3}.Release|x86.Build.0 = Release|Any CPU
		{96017ADF-70A0-4869-9708-FDB7BE29A34E}.Debug|Any CPU.ActiveCfg = Debug|Any CPU
		{96017ADF-70A0-4869-9708-FDB7BE29A34E}.Debug|Any CPU.Build.0 = Debug|Any CPU
		{96017ADF-70A0-4869-9708-FDB7BE29A34E}.Debug|x64.ActiveCfg = Debug|Any CPU
		{96017ADF-70A0-4869-9708-FDB7BE29A34E}.Debug|x64.Build.0 = Debug|Any CPU
		{96017ADF-70A0-4869-9708-FDB7BE29A34E}.Debug|x86.ActiveCfg = Debug|Any CPU
		{96017ADF-70A0-4869-9708-FDB7BE29A34E}.Debug|x86.Build.0 = Debug|Any CPU
		{96017ADF-70A0-4869-9708-FDB7BE29A34E}.Release|Any CPU.ActiveCfg = Release|Any CPU
		{96017ADF-70A0-4869-9708-FDB7BE29A34E}.Release|Any CPU.Build.0 = Release|Any CPU
		{96017ADF-70A0-4869-9708-FDB7BE29A34E}.Release|x64.ActiveCfg = Release|Any CPU
		{96017ADF-70A0-4869-9708-FDB7BE29A34E}.Release|x64.Build.0 = Release|Any CPU
		{96017ADF-70A0-4869-9708-FDB7BE29A34E}.Release|x86.ActiveCfg = Release|Any CPU
		{96017ADF-70A0-4869-9708-FDB7BE29A34E}.Release|x86.Build.0 = Release|Any CPU
		{BB39C573-EFFE-4301-A8F4-A9C8BA4366B8}.Debug|Any CPU.ActiveCfg = Debug|Any CPU
		{BB39C573-EFFE-4301-A8F4-A9C8BA4366B8}.Debug|Any CPU.Build.0 = Debug|Any CPU
		{BB39C573-EFFE-4301-A8F4-A9C8BA4366B8}.Debug|x64.ActiveCfg = Debug|Any CPU
		{BB39C573-EFFE-4301-A8F4-A9C8BA4366B8}.Debug|x64.Build.0 = Debug|Any CPU
		{BB39C573-EFFE-4301-A8F4-A9C8BA4366B8}.Debug|x86.ActiveCfg = Debug|Any CPU
		{BB39C573-EFFE-4301-A8F4-A9C8BA4366B8}.Debug|x86.Build.0 = Debug|Any CPU
		{BB39C573-EFFE-4301-A8F4-A9C8BA4366B8}.Release|Any CPU.ActiveCfg = Release|Any CPU
		{BB39C573-EFFE-4301-A8F4-A9C8BA4366B8}.Release|Any CPU.Build.0 = Release|Any CPU
		{BB39C573-EFFE-4301-A8F4-A9C8BA4366B8}.Release|x64.ActiveCfg = Release|Any CPU
		{BB39C573-EFFE-4301-A8F4-A9C8BA4366B8}.Release|x64.Build.0 = Release|Any CPU
		{BB39C573-EFFE-4301-A8F4-A9C8BA4366B8}.Release|x86.ActiveCfg = Release|Any CPU
		{BB39C573-EFFE-4301-A8F4-A9C8BA4366B8}.Release|x86.Build.0 = Release|Any CPU
		{8FDFB85A-048D-4683-9710-2A6183F6CBD3}.Debug|Any CPU.ActiveCfg = Debug|Any CPU
		{8FDFB85A-048D-4683-9710-2A6183F6CBD3}.Debug|Any CPU.Build.0 = Debug|Any CPU
		{8FDFB85A-048D-4683-9710-2A6183F6CBD3}.Debug|x64.ActiveCfg = Debug|Any CPU
		{8FDFB85A-048D-4683-9710-2A6183F6CBD3}.Debug|x64.Build.0 = Debug|Any CPU
		{8FDFB85A-048D-4683-9710-2A6183F6CBD3}.Debug|x86.ActiveCfg = Debug|Any CPU
		{8FDFB85A-048D-4683-9710-2A6183F6CBD3}.Debug|x86.Build.0 = Debug|Any CPU
		{8FDFB85A-048D-4683-9710-2A6183F6CBD3}.Release|Any CPU.ActiveCfg = Release|Any CPU
		{8FDFB85A-048D-4683-9710-2A6183F6CBD3}.Release|Any CPU.Build.0 = Release|Any CPU
		{8FDFB85A-048D-4683-9710-2A6183F6CBD3}.Release|x64.ActiveCfg = Release|Any CPU
		{8FDFB85A-048D-4683-9710-2A6183F6CBD3}.Release|x64.Build.0 = Release|Any CPU
		{8FDFB85A-048D-4683-9710-2A6183F6CBD3}.Release|x86.ActiveCfg = Release|Any CPU
		{8FDFB85A-048D-4683-9710-2A6183F6CBD3}.Release|x86.Build.0 = Release|Any CPU
		{30E44BDF-A870-473A-BB58-12C5261BC4F7}.Debug|Any CPU.ActiveCfg = Debug|Any CPU
		{30E44BDF-A870-473A-BB58-12C5261BC4F7}.Debug|Any CPU.Build.0 = Debug|Any CPU
		{30E44BDF-A870-473A-BB58-12C5261BC4F7}.Debug|x64.ActiveCfg = Debug|Any CPU
		{30E44BDF-A870-473A-BB58-12C5261BC4F7}.Debug|x64.Build.0 = Debug|Any CPU
		{30E44BDF-A870-473A-BB58-12C5261BC4F7}.Debug|x86.ActiveCfg = Debug|Any CPU
		{30E44BDF-A870-473A-BB58-12C5261BC4F7}.Debug|x86.Build.0 = Debug|Any CPU
		{30E44BDF-A870-473A-BB58-12C5261BC4F7}.Release|Any CPU.ActiveCfg = Release|Any CPU
		{30E44BDF-A870-473A-BB58-12C5261BC4F7}.Release|Any CPU.Build.0 = Release|Any CPU
		{30E44BDF-A870-473A-BB58-12C5261BC4F7}.Release|x64.ActiveCfg = Release|Any CPU
		{30E44BDF-A870-473A-BB58-12C5261BC4F7}.Release|x64.Build.0 = Release|Any CPU
		{30E44BDF-A870-473A-BB58-12C5261BC4F7}.Release|x86.ActiveCfg = Release|Any CPU
		{30E44BDF-A870-473A-BB58-12C5261BC4F7}.Release|x86.Build.0 = Release|Any CPU
		{0FB9E6D0-6F9B-4729-A903-76A77A89EAD4}.Debug|Any CPU.ActiveCfg = Debug|Any CPU
		{0FB9E6D0-6F9B-4729-A903-76A77A89EAD4}.Debug|Any CPU.Build.0 = Debug|Any CPU
		{0FB9E6D0-6F9B-4729-A903-76A77A89EAD4}.Debug|x64.ActiveCfg = Debug|Any CPU
		{0FB9E6D0-6F9B-4729-A903-76A77A89EAD4}.Debug|x64.Build.0 = Debug|Any CPU
		{0FB9E6D0-6F9B-4729-A903-76A77A89EAD4}.Debug|x86.ActiveCfg = Debug|Any CPU
		{0FB9E6D0-6F9B-4729-A903-76A77A89EAD4}.Debug|x86.Build.0 = Debug|Any CPU
		{0FB9E6D0-6F9B-4729-A903-76A77A89EAD4}.Release|Any CPU.ActiveCfg = Release|Any CPU
		{0FB9E6D0-6F9B-4729-A903-76A77A89EAD4}.Release|Any CPU.Build.0 = Release|Any CPU
		{0FB9E6D0-6F9B-4729-A903-76A77A89EAD4}.Release|x64.ActiveCfg = Release|Any CPU
		{0FB9E6D0-6F9B-4729-A903-76A77A89EAD4}.Release|x64.Build.0 = Release|Any CPU
		{0FB9E6D0-6F9B-4729-A903-76A77A89EAD4}.Release|x86.ActiveCfg = Release|Any CPU
		{0FB9E6D0-6F9B-4729-A903-76A77A89EAD4}.Release|x86.Build.0 = Release|Any CPU
		{8DB30D7C-A469-4DB0-B840-9999DBBCA490}.Debug|Any CPU.ActiveCfg = Debug|Any CPU
		{8DB30D7C-A469-4DB0-B840-9999DBBCA490}.Debug|Any CPU.Build.0 = Debug|Any CPU
		{8DB30D7C-A469-4DB0-B840-9999DBBCA490}.Debug|x64.ActiveCfg = Debug|Any CPU
		{8DB30D7C-A469-4DB0-B840-9999DBBCA490}.Debug|x64.Build.0 = Debug|Any CPU
		{8DB30D7C-A469-4DB0-B840-9999DBBCA490}.Debug|x86.ActiveCfg = Debug|Any CPU
		{8DB30D7C-A469-4DB0-B840-9999DBBCA490}.Debug|x86.Build.0 = Debug|Any CPU
		{8DB30D7C-A469-4DB0-B840-9999DBBCA490}.Release|Any CPU.ActiveCfg = Release|Any CPU
		{8DB30D7C-A469-4DB0-B840-9999DBBCA490}.Release|Any CPU.Build.0 = Release|Any CPU
		{8DB30D7C-A469-4DB0-B840-9999DBBCA490}.Release|x64.ActiveCfg = Release|Any CPU
		{8DB30D7C-A469-4DB0-B840-9999DBBCA490}.Release|x64.Build.0 = Release|Any CPU
		{8DB30D7C-A469-4DB0-B840-9999DBBCA490}.Release|x86.ActiveCfg = Release|Any CPU
		{8DB30D7C-A469-4DB0-B840-9999DBBCA490}.Release|x86.Build.0 = Release|Any CPU
		{E0527FDA-B542-4828-9786-7938CCA42DD6}.Debug|Any CPU.ActiveCfg = Debug|Any CPU
		{E0527FDA-B542-4828-9786-7938CCA42DD6}.Debug|Any CPU.Build.0 = Debug|Any CPU
		{E0527FDA-B542-4828-9786-7938CCA42DD6}.Debug|x64.ActiveCfg = Debug|Any CPU
		{E0527FDA-B542-4828-9786-7938CCA42DD6}.Debug|x64.Build.0 = Debug|Any CPU
		{E0527FDA-B542-4828-9786-7938CCA42DD6}.Debug|x86.ActiveCfg = Debug|Any CPU
		{E0527FDA-B542-4828-9786-7938CCA42DD6}.Debug|x86.Build.0 = Debug|Any CPU
		{E0527FDA-B542-4828-9786-7938CCA42DD6}.Release|Any CPU.ActiveCfg = Release|Any CPU
		{E0527FDA-B542-4828-9786-7938CCA42DD6}.Release|Any CPU.Build.0 = Release|Any CPU
		{E0527FDA-B542-4828-9786-7938CCA42DD6}.Release|x64.ActiveCfg = Release|Any CPU
		{E0527FDA-B542-4828-9786-7938CCA42DD6}.Release|x64.Build.0 = Release|Any CPU
		{E0527FDA-B542-4828-9786-7938CCA42DD6}.Release|x86.ActiveCfg = Release|Any CPU
		{E0527FDA-B542-4828-9786-7938CCA42DD6}.Release|x86.Build.0 = Release|Any CPU
		{8DA457F4-553F-4E10-A43A-C4D8CC251E05}.Debug|Any CPU.ActiveCfg = Debug|Any CPU
		{8DA457F4-553F-4E10-A43A-C4D8CC251E05}.Debug|Any CPU.Build.0 = Debug|Any CPU
		{8DA457F4-553F-4E10-A43A-C4D8CC251E05}.Debug|x64.ActiveCfg = Debug|Any CPU
		{8DA457F4-553F-4E10-A43A-C4D8CC251E05}.Debug|x64.Build.0 = Debug|Any CPU
		{8DA457F4-553F-4E10-A43A-C4D8CC251E05}.Debug|x86.ActiveCfg = Debug|Any CPU
		{8DA457F4-553F-4E10-A43A-C4D8CC251E05}.Debug|x86.Build.0 = Debug|Any CPU
		{8DA457F4-553F-4E10-A43A-C4D8CC251E05}.Release|Any CPU.ActiveCfg = Release|Any CPU
		{8DA457F4-553F-4E10-A43A-C4D8CC251E05}.Release|Any CPU.Build.0 = Release|Any CPU
		{8DA457F4-553F-4E10-A43A-C4D8CC251E05}.Release|x64.ActiveCfg = Release|Any CPU
		{8DA457F4-553F-4E10-A43A-C4D8CC251E05}.Release|x64.Build.0 = Release|Any CPU
		{8DA457F4-553F-4E10-A43A-C4D8CC251E05}.Release|x86.ActiveCfg = Release|Any CPU
		{8DA457F4-553F-4E10-A43A-C4D8CC251E05}.Release|x86.Build.0 = Release|Any CPU
		{07DAE9B7-B62E-4538-961C-3007CA0F6F45}.Debug|Any CPU.ActiveCfg = Debug|Any CPU
		{07DAE9B7-B62E-4538-961C-3007CA0F6F45}.Debug|Any CPU.Build.0 = Debug|Any CPU
		{07DAE9B7-B62E-4538-961C-3007CA0F6F45}.Debug|x64.ActiveCfg = Debug|Any CPU
		{07DAE9B7-B62E-4538-961C-3007CA0F6F45}.Debug|x64.Build.0 = Debug|Any CPU
		{07DAE9B7-B62E-4538-961C-3007CA0F6F45}.Debug|x86.ActiveCfg = Debug|Any CPU
		{07DAE9B7-B62E-4538-961C-3007CA0F6F45}.Debug|x86.Build.0 = Debug|Any CPU
		{07DAE9B7-B62E-4538-961C-3007CA0F6F45}.Release|Any CPU.ActiveCfg = Release|Any CPU
		{07DAE9B7-B62E-4538-961C-3007CA0F6F45}.Release|Any CPU.Build.0 = Release|Any CPU
		{07DAE9B7-B62E-4538-961C-3007CA0F6F45}.Release|x64.ActiveCfg = Release|Any CPU
		{07DAE9B7-B62E-4538-961C-3007CA0F6F45}.Release|x64.Build.0 = Release|Any CPU
		{07DAE9B7-B62E-4538-961C-3007CA0F6F45}.Release|x86.ActiveCfg = Release|Any CPU
		{07DAE9B7-B62E-4538-961C-3007CA0F6F45}.Release|x86.Build.0 = Release|Any CPU
		{EF865CDC-514C-48A8-8E51-8FABF890F8E9}.Debug|Any CPU.ActiveCfg = Debug|Any CPU
		{EF865CDC-514C-48A8-8E51-8FABF890F8E9}.Debug|Any CPU.Build.0 = Debug|Any CPU
		{EF865CDC-514C-48A8-8E51-8FABF890F8E9}.Debug|x64.ActiveCfg = Debug|Any CPU
		{EF865CDC-514C-48A8-8E51-8FABF890F8E9}.Debug|x64.Build.0 = Debug|Any CPU
		{EF865CDC-514C-48A8-8E51-8FABF890F8E9}.Debug|x86.ActiveCfg = Debug|Any CPU
		{EF865CDC-514C-48A8-8E51-8FABF890F8E9}.Debug|x86.Build.0 = Debug|Any CPU
		{EF865CDC-514C-48A8-8E51-8FABF890F8E9}.Release|Any CPU.ActiveCfg = Release|Any CPU
		{EF865CDC-514C-48A8-8E51-8FABF890F8E9}.Release|Any CPU.Build.0 = Release|Any CPU
		{EF865CDC-514C-48A8-8E51-8FABF890F8E9}.Release|x64.ActiveCfg = Release|Any CPU
		{EF865CDC-514C-48A8-8E51-8FABF890F8E9}.Release|x64.Build.0 = Release|Any CPU
		{EF865CDC-514C-48A8-8E51-8FABF890F8E9}.Release|x86.ActiveCfg = Release|Any CPU
		{EF865CDC-514C-48A8-8E51-8FABF890F8E9}.Release|x86.Build.0 = Release|Any CPU
		{355D5674-D702-49E3-93AA-766170315EB7}.Debug|Any CPU.ActiveCfg = Debug|Any CPU
		{355D5674-D702-49E3-93AA-766170315EB7}.Debug|Any CPU.Build.0 = Debug|Any CPU
		{355D5674-D702-49E3-93AA-766170315EB7}.Debug|x64.ActiveCfg = Debug|Any CPU
		{355D5674-D702-49E3-93AA-766170315EB7}.Debug|x64.Build.0 = Debug|Any CPU
		{355D5674-D702-49E3-93AA-766170315EB7}.Debug|x86.ActiveCfg = Debug|Any CPU
		{355D5674-D702-49E3-93AA-766170315EB7}.Debug|x86.Build.0 = Debug|Any CPU
		{355D5674-D702-49E3-93AA-766170315EB7}.Release|Any CPU.ActiveCfg = Release|Any CPU
		{355D5674-D702-49E3-93AA-766170315EB7}.Release|Any CPU.Build.0 = Release|Any CPU
		{355D5674-D702-49E3-93AA-766170315EB7}.Release|x64.ActiveCfg = Release|Any CPU
		{355D5674-D702-49E3-93AA-766170315EB7}.Release|x64.Build.0 = Release|Any CPU
		{355D5674-D702-49E3-93AA-766170315EB7}.Release|x86.ActiveCfg = Release|Any CPU
		{355D5674-D702-49E3-93AA-766170315EB7}.Release|x86.Build.0 = Release|Any CPU
		{87E383D8-65F2-48C0-905B-3185E3B039DB}.Debug|Any CPU.ActiveCfg = Debug|Any CPU
		{87E383D8-65F2-48C0-905B-3185E3B039DB}.Debug|Any CPU.Build.0 = Debug|Any CPU
		{87E383D8-65F2-48C0-905B-3185E3B039DB}.Debug|x64.ActiveCfg = Debug|Any CPU
		{87E383D8-65F2-48C0-905B-3185E3B039DB}.Debug|x64.Build.0 = Debug|Any CPU
		{87E383D8-65F2-48C0-905B-3185E3B039DB}.Debug|x86.ActiveCfg = Debug|Any CPU
		{87E383D8-65F2-48C0-905B-3185E3B039DB}.Debug|x86.Build.0 = Debug|Any CPU
		{87E383D8-65F2-48C0-905B-3185E3B039DB}.Release|Any CPU.ActiveCfg = Release|Any CPU
		{87E383D8-65F2-48C0-905B-3185E3B039DB}.Release|Any CPU.Build.0 = Release|Any CPU
		{87E383D8-65F2-48C0-905B-3185E3B039DB}.Release|x64.ActiveCfg = Release|Any CPU
		{87E383D8-65F2-48C0-905B-3185E3B039DB}.Release|x64.Build.0 = Release|Any CPU
		{87E383D8-65F2-48C0-905B-3185E3B039DB}.Release|x86.ActiveCfg = Release|Any CPU
		{87E383D8-65F2-48C0-905B-3185E3B039DB}.Release|x86.Build.0 = Release|Any CPU
		{7561640E-45D7-400F-9D93-2B8988A036D7}.Debug|Any CPU.ActiveCfg = Debug|Any CPU
		{7561640E-45D7-400F-9D93-2B8988A036D7}.Debug|Any CPU.Build.0 = Debug|Any CPU
		{7561640E-45D7-400F-9D93-2B8988A036D7}.Debug|x64.ActiveCfg = Debug|Any CPU
		{7561640E-45D7-400F-9D93-2B8988A036D7}.Debug|x64.Build.0 = Debug|Any CPU
		{7561640E-45D7-400F-9D93-2B8988A036D7}.Debug|x86.ActiveCfg = Debug|Any CPU
		{7561640E-45D7-400F-9D93-2B8988A036D7}.Debug|x86.Build.0 = Debug|Any CPU
		{7561640E-45D7-400F-9D93-2B8988A036D7}.Release|Any CPU.ActiveCfg = Release|Any CPU
		{7561640E-45D7-400F-9D93-2B8988A036D7}.Release|Any CPU.Build.0 = Release|Any CPU
		{7561640E-45D7-400F-9D93-2B8988A036D7}.Release|x64.ActiveCfg = Release|Any CPU
		{7561640E-45D7-400F-9D93-2B8988A036D7}.Release|x64.Build.0 = Release|Any CPU
		{7561640E-45D7-400F-9D93-2B8988A036D7}.Release|x86.ActiveCfg = Release|Any CPU
		{7561640E-45D7-400F-9D93-2B8988A036D7}.Release|x86.Build.0 = Release|Any CPU
		{AA2BD0A2-5F29-4DF9-AC4D-502C560BC423}.Debug|Any CPU.ActiveCfg = Debug|Any CPU
		{AA2BD0A2-5F29-4DF9-AC4D-502C560BC423}.Debug|Any CPU.Build.0 = Debug|Any CPU
		{AA2BD0A2-5F29-4DF9-AC4D-502C560BC423}.Debug|x64.ActiveCfg = Debug|Any CPU
		{AA2BD0A2-5F29-4DF9-AC4D-502C560BC423}.Debug|x64.Build.0 = Debug|Any CPU
		{AA2BD0A2-5F29-4DF9-AC4D-502C560BC423}.Debug|x86.ActiveCfg = Debug|Any CPU
		{AA2BD0A2-5F29-4DF9-AC4D-502C560BC423}.Debug|x86.Build.0 = Debug|Any CPU
		{AA2BD0A2-5F29-4DF9-AC4D-502C560BC423}.Release|Any CPU.ActiveCfg = Release|Any CPU
		{AA2BD0A2-5F29-4DF9-AC4D-502C560BC423}.Release|Any CPU.Build.0 = Release|Any CPU
		{AA2BD0A2-5F29-4DF9-AC4D-502C560BC423}.Release|x64.ActiveCfg = Release|Any CPU
		{AA2BD0A2-5F29-4DF9-AC4D-502C560BC423}.Release|x64.Build.0 = Release|Any CPU
		{AA2BD0A2-5F29-4DF9-AC4D-502C560BC423}.Release|x86.ActiveCfg = Release|Any CPU
		{AA2BD0A2-5F29-4DF9-AC4D-502C560BC423}.Release|x86.Build.0 = Release|Any CPU
		{1AC536A6-AC0D-4DE2-B758-E0A05450F38C}.Debug|Any CPU.ActiveCfg = Debug|Any CPU
		{1AC536A6-AC0D-4DE2-B758-E0A05450F38C}.Debug|Any CPU.Build.0 = Debug|Any CPU
		{1AC536A6-AC0D-4DE2-B758-E0A05450F38C}.Debug|x64.ActiveCfg = Debug|Any CPU
		{1AC536A6-AC0D-4DE2-B758-E0A05450F38C}.Debug|x64.Build.0 = Debug|Any CPU
		{1AC536A6-AC0D-4DE2-B758-E0A05450F38C}.Debug|x86.ActiveCfg = Debug|Any CPU
		{1AC536A6-AC0D-4DE2-B758-E0A05450F38C}.Debug|x86.Build.0 = Debug|Any CPU
		{1AC536A6-AC0D-4DE2-B758-E0A05450F38C}.Release|Any CPU.ActiveCfg = Release|Any CPU
		{1AC536A6-AC0D-4DE2-B758-E0A05450F38C}.Release|Any CPU.Build.0 = Release|Any CPU
		{1AC536A6-AC0D-4DE2-B758-E0A05450F38C}.Release|x64.ActiveCfg = Release|Any CPU
		{1AC536A6-AC0D-4DE2-B758-E0A05450F38C}.Release|x64.Build.0 = Release|Any CPU
		{1AC536A6-AC0D-4DE2-B758-E0A05450F38C}.Release|x86.ActiveCfg = Release|Any CPU
		{1AC536A6-AC0D-4DE2-B758-E0A05450F38C}.Release|x86.Build.0 = Release|Any CPU
		{F9CB311E-A69C-4190-B1C3-F79AFA97C05B}.Debug|Any CPU.ActiveCfg = Debug|Any CPU
		{F9CB311E-A69C-4190-B1C3-F79AFA97C05B}.Debug|Any CPU.Build.0 = Debug|Any CPU
		{F9CB311E-A69C-4190-B1C3-F79AFA97C05B}.Debug|x64.ActiveCfg = Debug|Any CPU
		{F9CB311E-A69C-4190-B1C3-F79AFA97C05B}.Debug|x64.Build.0 = Debug|Any CPU
		{F9CB311E-A69C-4190-B1C3-F79AFA97C05B}.Debug|x86.ActiveCfg = Debug|Any CPU
		{F9CB311E-A69C-4190-B1C3-F79AFA97C05B}.Debug|x86.Build.0 = Debug|Any CPU
		{F9CB311E-A69C-4190-B1C3-F79AFA97C05B}.Release|Any CPU.ActiveCfg = Release|Any CPU
		{F9CB311E-A69C-4190-B1C3-F79AFA97C05B}.Release|Any CPU.Build.0 = Release|Any CPU
		{F9CB311E-A69C-4190-B1C3-F79AFA97C05B}.Release|x64.ActiveCfg = Release|Any CPU
		{F9CB311E-A69C-4190-B1C3-F79AFA97C05B}.Release|x64.Build.0 = Release|Any CPU
		{F9CB311E-A69C-4190-B1C3-F79AFA97C05B}.Release|x86.ActiveCfg = Release|Any CPU
		{F9CB311E-A69C-4190-B1C3-F79AFA97C05B}.Release|x86.Build.0 = Release|Any CPU
		{0035DC4F-7A1F-4846-A23F-F434C43A22D9}.Debug|Any CPU.ActiveCfg = Debug|Any CPU
		{0035DC4F-7A1F-4846-A23F-F434C43A22D9}.Debug|Any CPU.Build.0 = Debug|Any CPU
		{0035DC4F-7A1F-4846-A23F-F434C43A22D9}.Debug|x64.ActiveCfg = Debug|Any CPU
		{0035DC4F-7A1F-4846-A23F-F434C43A22D9}.Debug|x64.Build.0 = Debug|Any CPU
		{0035DC4F-7A1F-4846-A23F-F434C43A22D9}.Debug|x86.ActiveCfg = Debug|Any CPU
		{0035DC4F-7A1F-4846-A23F-F434C43A22D9}.Debug|x86.Build.0 = Debug|Any CPU
		{0035DC4F-7A1F-4846-A23F-F434C43A22D9}.Release|Any CPU.ActiveCfg = Release|Any CPU
		{0035DC4F-7A1F-4846-A23F-F434C43A22D9}.Release|Any CPU.Build.0 = Release|Any CPU
		{0035DC4F-7A1F-4846-A23F-F434C43A22D9}.Release|x64.ActiveCfg = Release|Any CPU
		{0035DC4F-7A1F-4846-A23F-F434C43A22D9}.Release|x64.Build.0 = Release|Any CPU
		{0035DC4F-7A1F-4846-A23F-F434C43A22D9}.Release|x86.ActiveCfg = Release|Any CPU
		{0035DC4F-7A1F-4846-A23F-F434C43A22D9}.Release|x86.Build.0 = Release|Any CPU
		{972ED071-1E70-4699-B586-4124DE269C8D}.Debug|Any CPU.ActiveCfg = Debug|Any CPU
		{972ED071-1E70-4699-B586-4124DE269C8D}.Debug|Any CPU.Build.0 = Debug|Any CPU
		{972ED071-1E70-4699-B586-4124DE269C8D}.Debug|x64.ActiveCfg = Debug|Any CPU
		{972ED071-1E70-4699-B586-4124DE269C8D}.Debug|x64.Build.0 = Debug|Any CPU
		{972ED071-1E70-4699-B586-4124DE269C8D}.Debug|x86.ActiveCfg = Debug|Any CPU
		{972ED071-1E70-4699-B586-4124DE269C8D}.Debug|x86.Build.0 = Debug|Any CPU
		{972ED071-1E70-4699-B586-4124DE269C8D}.Release|Any CPU.ActiveCfg = Release|Any CPU
		{972ED071-1E70-4699-B586-4124DE269C8D}.Release|Any CPU.Build.0 = Release|Any CPU
		{972ED071-1E70-4699-B586-4124DE269C8D}.Release|x64.ActiveCfg = Release|Any CPU
		{972ED071-1E70-4699-B586-4124DE269C8D}.Release|x64.Build.0 = Release|Any CPU
		{972ED071-1E70-4699-B586-4124DE269C8D}.Release|x86.ActiveCfg = Release|Any CPU
		{972ED071-1E70-4699-B586-4124DE269C8D}.Release|x86.Build.0 = Release|Any CPU
	EndGlobalSection
	GlobalSection(SolutionProperties) = preSolution
		HideSolutionNode = FALSE
	EndGlobalSection
	GlobalSection(NestedProjects) = preSolution
		{4F166BEF-B081-4C10-BA08-8723AC3D02F3} = {4F52FD11-658E-A102-6CD3-7D7C16FFA15B}
		{96017ADF-70A0-4869-9708-FDB7BE29A34E} = {4F52FD11-658E-A102-6CD3-7D7C16FFA15B}
		{293C06CD-4E17-48BD-9F3B-B5ADDFFA9425} = {CA253913-39DE-BFD0-C9A3-4B7EC6FBDF17}
		{8FDFB85A-048D-4683-9710-2A6183F6CBD3} = {293C06CD-4E17-48BD-9F3B-B5ADDFFA9425}
		{30E44BDF-A870-473A-BB58-12C5261BC4F7} = {293C06CD-4E17-48BD-9F3B-B5ADDFFA9425}
		{0FB9E6D0-6F9B-4729-A903-76A77A89EAD4} = {293C06CD-4E17-48BD-9F3B-B5ADDFFA9425}
		{8DB30D7C-A469-4DB0-B840-9999DBBCA490} = {293C06CD-4E17-48BD-9F3B-B5ADDFFA9425}
		{00BF2CC4-970F-F782-7280-48E68B688FBA} = {CA253913-39DE-BFD0-C9A3-4B7EC6FBDF17}
		{E0527FDA-B542-4828-9786-7938CCA42DD6} = {00BF2CC4-970F-F782-7280-48E68B688FBA}
		{8DA457F4-553F-4E10-A43A-C4D8CC251E05} = {00BF2CC4-970F-F782-7280-48E68B688FBA}
		{07DAE9B7-B62E-4538-961C-3007CA0F6F45} = {00BF2CC4-970F-F782-7280-48E68B688FBA}
		{EF865CDC-514C-48A8-8E51-8FABF890F8E9} = {00BF2CC4-970F-F782-7280-48E68B688FBA}
		{C61AC04F-0517-BE09-B648-1B01CF353285} = {CA253913-39DE-BFD0-C9A3-4B7EC6FBDF17}
		{355D5674-D702-49E3-93AA-766170315EB7} = {C61AC04F-0517-BE09-B648-1B01CF353285}
		{87E383D8-65F2-48C0-905B-3185E3B039DB} = {C61AC04F-0517-BE09-B648-1B01CF353285}
		{7561640E-45D7-400F-9D93-2B8988A036D7} = {C61AC04F-0517-BE09-B648-1B01CF353285}
		{AA2BD0A2-5F29-4DF9-AC4D-502C560BC423} = {C61AC04F-0517-BE09-B648-1B01CF353285}
		{E0F3FF92-BB8A-7B6F-817B-58792AAD083B} = {CA253913-39DE-BFD0-C9A3-4B7EC6FBDF17}
		{1AC536A6-AC0D-4DE2-B758-E0A05450F38C} = {E0F3FF92-BB8A-7B6F-817B-58792AAD083B}
		{F9CB311E-A69C-4190-B1C3-F79AFA97C05B} = {E0F3FF92-BB8A-7B6F-817B-58792AAD083B}
		{0035DC4F-7A1F-4846-A23F-F434C43A22D9} = {E0F3FF92-BB8A-7B6F-817B-58792AAD083B}
		{972ED071-1E70-4699-B586-4124DE269C8D} = {E0F3FF92-BB8A-7B6F-817B-58792AAD083B}
	EndGlobalSection
EndGlobal
