
Microsoft Visual Studio Solution File, Format Version 12.00
# Visual Studio Version 17
VisualStudioVersion = 17.0.31903.59
MinimumVisualStudioVersion = 10.0.40219.1
Project("{2150E333-8FDC-42A3-9474-1A3956D46DE8}") = "Backend", "Backend", "{1AE8ACA6-933B-BF2A-3671-3E2EAC007D16}"
EndProject
Project("{2150E333-8FDC-42A3-9474-1A3956D46DE8}") = "Shared", "Shared", "{B9B6650B-7025-C9C0-BCFD-BDEDF1640D80}"
EndProject
Project("{FAE04EC0-301F-11D3-BF4B-00C04F79EFBC}") = "IdP.SharedKernel", "src\Backend\Shared\IdP.SharedKernel\IdP.SharedKernel.csproj", "{450D6CF7-D6B3-4157-8431-417A7F1571B4}"
EndProject
Project("{FAE04EC0-301F-11D3-BF4B-00C04F79EFBC}") = "IdP.SharedKernel.Infrastructure", "src\Backend\Shared\IdP.SharedKernel.Infrastructure\IdP.SharedKernel.Infrastructure.csproj", "{CC2D57EC-5DA0-461D-B979-7F9FC6E9A7E4}"
EndProject
Project("{FAE04EC0-301F-11D3-BF4B-00C04F79EFBC}") = "IdP.Common", "src\Backend\Shared\IdP.Common\IdP.Common.csproj", "{E263299B-4295-4FB9-AD14-B515A8D84E9E}"
EndProject
Project("{2150E333-8FDC-42A3-9474-1A3956D46DE8}") = "Modules", "Modules", "{95AF1480-9F84-72C8-4930-CB7FF39A86E3}"
EndProject
Project("{2150E333-8FDC-42A3-9474-1A3956D46DE8}") = "Identity", "Identity", "{5B05D1AE-F58B-888C-9C85-773872D140FA}"
EndProject
Project("{FAE04EC0-301F-11D3-BF4B-00C04F79EFBC}") = "IdP.Identity.Domain", "src\Backend\Modules\Identity\IdP.Identity.Domain\IdP.Identity.Domain.csproj", "{CED95CF3-7AEA-46E3-95DB-D69F13FA5DA4}"
EndProject
Project("{FAE04EC0-301F-11D3-BF4B-00C04F79EFBC}") = "IdP.Identity.Application", "src\Backend\Modules\Identity\IdP.Identity.Application\IdP.Identity.Application.csproj", "{4453DD74-EB79-4A38-9581-0DA39BD7ED43}"
EndProject
Project("{FAE04EC0-301F-11D3-BF4B-00C04F79EFBC}") = "IdP.Identity.Infrastructure", "src\Backend\Modules\Identity\IdP.Identity.Infrastructure\IdP.Identity.Infrastructure.csproj", "{27E4377B-2384-4513-AA0F-C2DB0BD09686}"
EndProject
Project("{FAE04EC0-301F-11D3-BF4B-00C04F79EFBC}") = "IdP.Identity.Api", "src\Backend\Modules\Identity\IdP.Identity.Api\IdP.Identity.Api.csproj", "{341789BB-1E37-437E-BE39-F491855EA57B}"
EndProject
Project("{2150E333-8FDC-42A3-9474-1A3956D46DE8}") = "Certificate", "Certificate", "{15B68F2D-25F3-8FED-3135-D5BD3BFFC4BD}"
EndProject
Project("{FAE04EC0-301F-11D3-BF4B-00C04F79EFBC}") = "IdP.Certificate.Domain", "src\Backend\Modules\Certificate\IdP.Certificate.Domain\IdP.Certificate.Domain.csproj", "{69AAF0EA-7094-4D30-B4A0-177A7331BD41}"
EndProject
Project("{FAE04EC0-301F-11D3-BF4B-00C04F79EFBC}") = "IdP.Certificate.Application", "src\Backend\Modules\Certificate\IdP.Certificate.Application\IdP.Certificate.Application.csproj", "{F89401E8-D763-4697-9E46-32F3B9F51287}"
EndProject
Project("{FAE04EC0-301F-11D3-BF4B-00C04F79EFBC}") = "IdP.Certificate.Infrastructure", "src\Backend\Modules\Certificate\IdP.Certificate.Infrastructure\IdP.Certificate.Infrastructure.csproj", "{C4F633FE-2982-4DAB-A6F0-0D8F6AE64D79}"
EndProject
Project("{FAE04EC0-301F-11D3-BF4B-00C04F79EFBC}") = "IdP.Certificate.Api", "src\Backend\Modules\Certificate\IdP.Certificate.Api\IdP.Certificate.Api.csproj", "{33D3142F-937C-4C7E-B387-45BE8BA6D91D}"
EndProject
Project("{2150E333-8FDC-42A3-9474-1A3956D46DE8}") = "Admin", "Admin", "{5BB0EF3F-25EE-EAD7-B39D-9C6081EB764B}"
EndProject
Project("{FAE04EC0-301F-11D3-BF4B-00C04F79EFBC}") = "IdP.Admin.Domain", "src\Backend\Modules\Admin\IdP.Admin.Domain\IdP.Admin.Domain.csproj", "{57B2DF16-9533-4B98-8C4D-4439D862EB71}"
EndProject
Project("{FAE04EC0-301F-11D3-BF4B-00C04F79EFBC}") = "IdP.Admin.Application", "src\Backend\Modules\Admin\IdP.Admin.Application\IdP.Admin.Application.csproj", "{F5C54664-09C2-4E13-80AC-9F21D7F1A627}"
EndProject
Project("{FAE04EC0-301F-11D3-BF4B-00C04F79EFBC}") = "IdP.Admin.Infrastructure", "src\Backend\Modules\Admin\IdP.Admin.Infrastructure\IdP.Admin.Infrastructure.csproj", "{65101920-1469-4E2A-A70F-1DF736E2E9B2}"
EndProject
Project("{FAE04EC0-301F-11D3-BF4B-00C04F79EFBC}") = "IdP.Admin.Api", "src\Backend\Modules\Admin\IdP.Admin.Api\IdP.Admin.Api.csproj", "{3C4AC22D-1607-4615-BFE8-5CF790B80CFB}"
EndProject
Project("{2150E333-8FDC-42A3-9474-1A3956D46DE8}") = "Crypto", "Crypto", "{5A608D92-2659-46BF-741E-F98BC9490CA6}"
EndProject
Project("{FAE04EC0-301F-11D3-BF4B-00C04F79EFBC}") = "IdP.Crypto.Domain", "src\Backend\Modules\Crypto\IdP.Crypto.Domain\IdP.Crypto.Domain.csproj", "{52A909F9-5857-4E1A-BB84-C4285C695C8B}"
EndProject
Project("{FAE04EC0-301F-11D3-BF4B-00C04F79EFBC}") = "IdP.Crypto.Application", "src\Backend\Modules\Crypto\IdP.Crypto.Application\IdP.Crypto.Application.csproj", "{5A77E0C3-4137-4935-AC23-D88DB1C26ACE}"
EndProject
Project("{FAE04EC0-301F-11D3-BF4B-00C04F79EFBC}") = "IdP.Crypto.Infrastructure", "src\Backend\Modules\Crypto\IdP.Crypto.Infrastructure\IdP.Crypto.Infrastructure.csproj", "{451CA9BB-AE49-46B3-A80E-44A8E8A75141}"
EndProject
Project("{FAE04EC0-301F-11D3-BF4B-00C04F79EFBC}") = "IdP.Crypto.Api", "src\Backend\Modules\Crypto\IdP.Crypto.Api\IdP.Crypto.Api.csproj", "{A1AFE9FF-16DA-452C-946C-BD6FAA350F4B}"
EndProject
Project("{FAE04EC0-301F-11D3-BF4B-00C04F79EFBC}") = "IdP.Api", "src\Backend\IdP.Api\IdP.Api.csproj", "{35BF2D80-703C-436A-A2E6-E3329131C817}"
EndProject
Global
	GlobalSection(SolutionConfigurationPlatforms) = preSolution
		Debug|Any CPU = Debug|Any CPU
		Debug|x64 = Debug|x64
		Debug|x86 = Debug|x86
		Release|Any CPU = Release|Any CPU
		Release|x64 = Release|x64
		Release|x86 = Release|x86
	EndGlobalSection
	GlobalSection(ProjectConfigurationPlatforms) = postSolution
		{450D6CF7-D6B3-4157-8431-417A7F1571B4}.Debug|Any CPU.ActiveCfg = Debug|Any CPU
		{450D6CF7-D6B3-4157-8431-417A7F1571B4}.Debug|Any CPU.Build.0 = Debug|Any CPU
		{450D6CF7-D6B3-4157-8431-417A7F1571B4}.Debug|x64.ActiveCfg = Debug|Any CPU
		{450D6CF7-D6B3-4157-8431-417A7F1571B4}.Debug|x64.Build.0 = Debug|Any CPU
		{450D6CF7-D6B3-4157-8431-417A7F1571B4}.Debug|x86.ActiveCfg = Debug|Any CPU
		{450D6CF7-D6B3-4157-8431-417A7F1571B4}.Debug|x86.Build.0 = Debug|Any CPU
		{450D6CF7-D6B3-4157-8431-417A7F1571B4}.Release|Any CPU.ActiveCfg = Release|Any CPU
		{450D6CF7-D6B3-4157-8431-417A7F1571B4}.Release|Any CPU.Build.0 = Release|Any CPU
		{450D6CF7-D6B3-4157-8431-417A7F1571B4}.Release|x64.ActiveCfg = Release|Any CPU
		{450D6CF7-D6B3-4157-8431-417A7F1571B4}.Release|x64.Build.0 = Release|Any CPU
		{450D6CF7-D6B3-4157-8431-417A7F1571B4}.Release|x86.ActiveCfg = Release|Any CPU
		{450D6CF7-D6B3-4157-8431-417A7F1571B4}.Release|x86.Build.0 = Release|Any CPU
		{CC2D57EC-5DA0-461D-B979-7F9FC6E9A7E4}.Debug|Any CPU.ActiveCfg = Debug|Any CPU
		{CC2D57EC-5DA0-461D-B979-7F9FC6E9A7E4}.Debug|Any CPU.Build.0 = Debug|Any CPU
		{CC2D57EC-5DA0-461D-B979-7F9FC6E9A7E4}.Debug|x64.ActiveCfg = Debug|Any CPU
		{CC2D57EC-5DA0-461D-B979-7F9FC6E9A7E4}.Debug|x64.Build.0 = Debug|Any CPU
		{CC2D57EC-5DA0-461D-B979-7F9FC6E9A7E4}.Debug|x86.ActiveCfg = Debug|Any CPU
		{CC2D57EC-5DA0-461D-B979-7F9FC6E9A7E4}.Debug|x86.Build.0 = Debug|Any CPU
		{CC2D57EC-5DA0-461D-B979-7F9FC6E9A7E4}.Release|Any CPU.ActiveCfg = Release|Any CPU
		{CC2D57EC-5DA0-461D-B979-7F9FC6E9A7E4}.Release|Any CPU.Build.0 = Release|Any CPU
		{CC2D57EC-5DA0-461D-B979-7F9FC6E9A7E4}.Release|x64.ActiveCfg = Release|Any CPU
		{CC2D57EC-5DA0-461D-B979-7F9FC6E9A7E4}.Release|x64.Build.0 = Release|Any CPU
		{CC2D57EC-5DA0-461D-B979-7F9FC6E9A7E4}.Release|x86.ActiveCfg = Release|Any CPU
		{CC2D57EC-5DA0-461D-B979-7F9FC6E9A7E4}.Release|x86.Build.0 = Release|Any CPU
		{E263299B-4295-4FB9-AD14-B515A8D84E9E}.Debug|Any CPU.ActiveCfg = Debug|Any CPU
		{E263299B-4295-4FB9-AD14-B515A8D84E9E}.Debug|Any CPU.Build.0 = Debug|Any CPU
		{E263299B-4295-4FB9-AD14-B515A8D84E9E}.Debug|x64.ActiveCfg = Debug|Any CPU
		{E263299B-4295-4FB9-AD14-B515A8D84E9E}.Debug|x64.Build.0 = Debug|Any CPU
		{E263299B-4295-4FB9-AD14-B515A8D84E9E}.Debug|x86.ActiveCfg = Debug|Any CPU
		{E263299B-4295-4FB9-AD14-B515A8D84E9E}.Debug|x86.Build.0 = Debug|Any CPU
		{E263299B-4295-4FB9-AD14-B515A8D84E9E}.Release|Any CPU.ActiveCfg = Release|Any CPU
		{E263299B-4295-4FB9-AD14-B515A8D84E9E}.Release|Any CPU.Build.0 = Release|Any CPU
		{E263299B-4295-4FB9-AD14-B515A8D84E9E}.Release|x64.ActiveCfg = Release|Any CPU
		{E263299B-4295-4FB9-AD14-B515A8D84E9E}.Release|x64.Build.0 = Release|Any CPU
		{E263299B-4295-4FB9-AD14-B515A8D84E9E}.Release|x86.ActiveCfg = Release|Any CPU
		{E263299B-4295-4FB9-AD14-B515A8D84E9E}.Release|x86.Build.0 = Release|Any CPU
		{CED95CF3-7AEA-46E3-95DB-D69F13FA5DA4}.Debug|Any CPU.ActiveCfg = Debug|Any CPU
		{CED95CF3-7AEA-46E3-95DB-D69F13FA5DA4}.Debug|Any CPU.Build.0 = Debug|Any CPU
		{CED95CF3-7AEA-46E3-95DB-D69F13FA5DA4}.Debug|x64.ActiveCfg = Debug|Any CPU
		{CED95CF3-7AEA-46E3-95DB-D69F13FA5DA4}.Debug|x64.Build.0 = Debug|Any CPU
		{CED95CF3-7AEA-46E3-95DB-D69F13FA5DA4}.Debug|x86.ActiveCfg = Debug|Any CPU
		{CED95CF3-7AEA-46E3-95DB-D69F13FA5DA4}.Debug|x86.Build.0 = Debug|Any CPU
		{CED95CF3-7AEA-46E3-95DB-D69F13FA5DA4}.Release|Any CPU.ActiveCfg = Release|Any CPU
		{CED95CF3-7AEA-46E3-95DB-D69F13FA5DA4}.Release|Any CPU.Build.0 = Release|Any CPU
		{CED95CF3-7AEA-46E3-95DB-D69F13FA5DA4}.Release|x64.ActiveCfg = Release|Any CPU
		{CED95CF3-7AEA-46E3-95DB-D69F13FA5DA4}.Release|x64.Build.0 = Release|Any CPU
		{CED95CF3-7AEA-46E3-95DB-D69F13FA5DA4}.Release|x86.ActiveCfg = Release|Any CPU
		{CED95CF3-7AEA-46E3-95DB-D69F13FA5DA4}.Release|x86.Build.0 = Release|Any CPU
		{4453DD74-EB79-4A38-9581-0DA39BD7ED43}.Debug|Any CPU.ActiveCfg = Debug|Any CPU
		{4453DD74-EB79-4A38-9581-0DA39BD7ED43}.Debug|Any CPU.Build.0 = Debug|Any CPU
		{4453DD74-EB79-4A38-9581-0DA39BD7ED43}.Debug|x64.ActiveCfg = Debug|Any CPU
		{4453DD74-EB79-4A38-9581-0DA39BD7ED43}.Debug|x64.Build.0 = Debug|Any CPU
		{4453DD74-EB79-4A38-9581-0DA39BD7ED43}.Debug|x86.ActiveCfg = Debug|Any CPU
		{4453DD74-EB79-4A38-9581-0DA39BD7ED43}.Debug|x86.Build.0 = Debug|Any CPU
		{4453DD74-EB79-4A38-9581-0DA39BD7ED43}.Release|Any CPU.ActiveCfg = Release|Any CPU
		{4453DD74-EB79-4A38-9581-0DA39BD7ED43}.Release|Any CPU.Build.0 = Release|Any CPU
		{4453DD74-EB79-4A38-9581-0DA39BD7ED43}.Release|x64.ActiveCfg = Release|Any CPU
		{4453DD74-EB79-4A38-9581-0DA39BD7ED43}.Release|x64.Build.0 = Release|Any CPU
		{4453DD74-EB79-4A38-9581-0DA39BD7ED43}.Release|x86.ActiveCfg = Release|Any CPU
		{4453DD74-EB79-4A38-9581-0DA39BD7ED43}.Release|x86.Build.0 = Release|Any CPU
		{27E4377B-2384-4513-AA0F-C2DB0BD09686}.Debug|Any CPU.ActiveCfg = Debug|Any CPU
		{27E4377B-2384-4513-AA0F-C2DB0BD09686}.Debug|Any CPU.Build.0 = Debug|Any CPU
		{27E4377B-2384-4513-AA0F-C2DB0BD09686}.Debug|x64.ActiveCfg = Debug|Any CPU
		{27E4377B-2384-4513-AA0F-C2DB0BD09686}.Debug|x64.Build.0 = Debug|Any CPU
		{27E4377B-2384-4513-AA0F-C2DB0BD09686}.Debug|x86.ActiveCfg = Debug|Any CPU
		{27E4377B-2384-4513-AA0F-C2DB0BD09686}.Debug|x86.Build.0 = Debug|Any CPU
		{27E4377B-2384-4513-AA0F-C2DB0BD09686}.Release|Any CPU.ActiveCfg = Release|Any CPU
		{27E4377B-2384-4513-AA0F-C2DB0BD09686}.Release|Any CPU.Build.0 = Release|Any CPU
		{27E4377B-2384-4513-AA0F-C2DB0BD09686}.Release|x64.ActiveCfg = Release|Any CPU
		{27E4377B-2384-4513-AA0F-C2DB0BD09686}.Release|x64.Build.0 = Release|Any CPU
		{27E4377B-2384-4513-AA0F-C2DB0BD09686}.Release|x86.ActiveCfg = Release|Any CPU
		{27E4377B-2384-4513-AA0F-C2DB0BD09686}.Release|x86.Build.0 = Release|Any CPU
		{341789BB-1E37-437E-BE39-F491855EA57B}.Debug|Any CPU.ActiveCfg = Debug|Any CPU
		{341789BB-1E37-437E-BE39-F491855EA57B}.Debug|Any CPU.Build.0 = Debug|Any CPU
		{341789BB-1E37-437E-BE39-F491855EA57B}.Debug|x64.ActiveCfg = Debug|Any CPU
		{341789BB-1E37-437E-BE39-F491855EA57B}.Debug|x64.Build.0 = Debug|Any CPU
		{341789BB-1E37-437E-BE39-F491855EA57B}.Debug|x86.ActiveCfg = Debug|Any CPU
		{341789BB-1E37-437E-BE39-F491855EA57B}.Debug|x86.Build.0 = Debug|Any CPU
		{341789BB-1E37-437E-BE39-F491855EA57B}.Release|Any CPU.ActiveCfg = Release|Any CPU
		{341789BB-1E37-437E-BE39-F491855EA57B}.Release|Any CPU.Build.0 = Release|Any CPU
		{341789BB-1E37-437E-BE39-F491855EA57B}.Release|x64.ActiveCfg = Release|Any CPU
		{341789BB-1E37-437E-BE39-F491855EA57B}.Release|x64.Build.0 = Release|Any CPU
		{341789BB-1E37-437E-BE39-F491855EA57B}.Release|x86.ActiveCfg = Release|Any CPU
		{341789BB-1E37-437E-BE39-F491855EA57B}.Release|x86.Build.0 = Release|Any CPU
		{69AAF0EA-7094-4D30-B4A0-177A7331BD41}.Debug|Any CPU.ActiveCfg = Debug|Any CPU
		{69AAF0EA-7094-4D30-B4A0-177A7331BD41}.Debug|Any CPU.Build.0 = Debug|Any CPU
		{69AAF0EA-7094-4D30-B4A0-177A7331BD41}.Debug|x64.ActiveCfg = Debug|Any CPU
		{69AAF0EA-7094-4D30-B4A0-177A7331BD41}.Debug|x64.Build.0 = Debug|Any CPU
		{69AAF0EA-7094-4D30-B4A0-177A7331BD41}.Debug|x86.ActiveCfg = Debug|Any CPU
		{69AAF0EA-7094-4D30-B4A0-177A7331BD41}.Debug|x86.Build.0 = Debug|Any CPU
		{69AAF0EA-7094-4D30-B4A0-177A7331BD41}.Release|Any CPU.ActiveCfg = Release|Any CPU
		{69AAF0EA-7094-4D30-B4A0-177A7331BD41}.Release|Any CPU.Build.0 = Release|Any CPU
		{69AAF0EA-7094-4D30-B4A0-177A7331BD41}.Release|x64.ActiveCfg = Release|Any CPU
		{69AAF0EA-7094-4D30-B4A0-177A7331BD41}.Release|x64.Build.0 = Release|Any CPU
		{69AAF0EA-7094-4D30-B4A0-177A7331BD41}.Release|x86.ActiveCfg = Release|Any CPU
		{69AAF0EA-7094-4D30-B4A0-177A7331BD41}.Release|x86.Build.0 = Release|Any CPU
		{F89401E8-D763-4697-9E46-32F3B9F51287}.Debug|Any CPU.ActiveCfg = Debug|Any CPU
		{F89401E8-D763-4697-9E46-32F3B9F51287}.Debug|Any CPU.Build.0 = Debug|Any CPU
		{F89401E8-D763-4697-9E46-32F3B9F51287}.Debug|x64.ActiveCfg = Debug|Any CPU
		{F89401E8-D763-4697-9E46-32F3B9F51287}.Debug|x64.Build.0 = Debug|Any CPU
		{F89401E8-D763-4697-9E46-32F3B9F51287}.Debug|x86.ActiveCfg = Debug|Any CPU
		{F89401E8-D763-4697-9E46-32F3B9F51287}.Debug|x86.Build.0 = Debug|Any CPU
		{F89401E8-D763-4697-9E46-32F3B9F51287}.Release|Any CPU.ActiveCfg = Release|Any CPU
		{F89401E8-D763-4697-9E46-32F3B9F51287}.Release|Any CPU.Build.0 = Release|Any CPU
		{F89401E8-D763-4697-9E46-32F3B9F51287}.Release|x64.ActiveCfg = Release|Any CPU
		{F89401E8-D763-4697-9E46-32F3B9F51287}.Release|x64.Build.0 = Release|Any CPU
		{F89401E8-D763-4697-9E46-32F3B9F51287}.Release|x86.ActiveCfg = Release|Any CPU
		{F89401E8-D763-4697-9E46-32F3B9F51287}.Release|x86.Build.0 = Release|Any CPU
		{C4F633FE-2982-4DAB-A6F0-0D8F6AE64D79}.Debug|Any CPU.ActiveCfg = Debug|Any CPU
		{C4F633FE-2982-4DAB-A6F0-0D8F6AE64D79}.Debug|Any CPU.Build.0 = Debug|Any CPU
		{C4F633FE-2982-4DAB-A6F0-0D8F6AE64D79}.Debug|x64.ActiveCfg = Debug|Any CPU
		{C4F633FE-2982-4DAB-A6F0-0D8F6AE64D79}.Debug|x64.Build.0 = Debug|Any CPU
		{C4F633FE-2982-4DAB-A6F0-0D8F6AE64D79}.Debug|x86.ActiveCfg = Debug|Any CPU
		{C4F633FE-2982-4DAB-A6F0-0D8F6AE64D79}.Debug|x86.Build.0 = Debug|Any CPU
		{C4F633FE-2982-4DAB-A6F0-0D8F6AE64D79}.Release|Any CPU.ActiveCfg = Release|Any CPU
		{C4F633FE-2982-4DAB-A6F0-0D8F6AE64D79}.Release|Any CPU.Build.0 = Release|Any CPU
		{C4F633FE-2982-4DAB-A6F0-0D8F6AE64D79}.Release|x64.ActiveCfg = Release|Any CPU
		{C4F633FE-2982-4DAB-A6F0-0D8F6AE64D79}.Release|x64.Build.0 = Release|Any CPU
		{C4F633FE-2982-4DAB-A6F0-0D8F6AE64D79}.Release|x86.ActiveCfg = Release|Any CPU
		{C4F633FE-2982-4DAB-A6F0-0D8F6AE64D79}.Release|x86.Build.0 = Release|Any CPU
		{33D3142F-937C-4C7E-B387-45BE8BA6D91D}.Debug|Any CPU.ActiveCfg = Debug|Any CPU
		{33D3142F-937C-4C7E-B387-45BE8BA6D91D}.Debug|Any CPU.Build.0 = Debug|Any CPU
		{33D3142F-937C-4C7E-B387-45BE8BA6D91D}.Debug|x64.ActiveCfg = Debug|Any CPU
		{33D3142F-937C-4C7E-B387-45BE8BA6D91D}.Debug|x64.Build.0 = Debug|Any CPU
		{33D3142F-937C-4C7E-B387-45BE8BA6D91D}.Debug|x86.ActiveCfg = Debug|Any CPU
		{33D3142F-937C-4C7E-B387-45BE8BA6D91D}.Debug|x86.Build.0 = Debug|Any CPU
		{33D3142F-937C-4C7E-B387-45BE8BA6D91D}.Release|Any CPU.ActiveCfg = Release|Any CPU
		{33D3142F-937C-4C7E-B387-45BE8BA6D91D}.Release|Any CPU.Build.0 = Release|Any CPU
		{33D3142F-937C-4C7E-B387-45BE8BA6D91D}.Release|x64.ActiveCfg = Release|Any CPU
		{33D3142F-937C-4C7E-B387-45BE8BA6D91D}.Release|x64.Build.0 = Release|Any CPU
		{33D3142F-937C-4C7E-B387-45BE8BA6D91D}.Release|x86.ActiveCfg = Release|Any CPU
		{33D3142F-937C-4C7E-B387-45BE8BA6D91D}.Release|x86.Build.0 = Release|Any CPU
		{57B2DF16-9533-4B98-8C4D-4439D862EB71}.Debug|Any CPU.ActiveCfg = Debug|Any CPU
		{57B2DF16-9533-4B98-8C4D-4439D862EB71}.Debug|Any CPU.Build.0 = Debug|Any CPU
		{57B2DF16-9533-4B98-8C4D-4439D862EB71}.Debug|x64.ActiveCfg = Debug|Any CPU
		{57B2DF16-9533-4B98-8C4D-4439D862EB71}.Debug|x64.Build.0 = Debug|Any CPU
		{57B2DF16-9533-4B98-8C4D-4439D862EB71}.Debug|x86.ActiveCfg = Debug|Any CPU
		{57B2DF16-9533-4B98-8C4D-4439D862EB71}.Debug|x86.Build.0 = Debug|Any CPU
		{57B2DF16-9533-4B98-8C4D-4439D862EB71}.Release|Any CPU.ActiveCfg = Release|Any CPU
		{57B2DF16-9533-4B98-8C4D-4439D862EB71}.Release|Any CPU.Build.0 = Release|Any CPU
		{57B2DF16-9533-4B98-8C4D-4439D862EB71}.Release|x64.ActiveCfg = Release|Any CPU
		{57B2DF16-9533-4B98-8C4D-4439D862EB71}.Release|x64.Build.0 = Release|Any CPU
		{57B2DF16-9533-4B98-8C4D-4439D862EB71}.Release|x86.ActiveCfg = Release|Any CPU
		{57B2DF16-9533-4B98-8C4D-4439D862EB71}.Release|x86.Build.0 = Release|Any CPU
		{F5C54664-09C2-4E13-80AC-9F21D7F1A627}.Debug|Any CPU.ActiveCfg = Debug|Any CPU
		{F5C54664-09C2-4E13-80AC-9F21D7F1A627}.Debug|Any CPU.Build.0 = Debug|Any CPU
		{F5C54664-09C2-4E13-80AC-9F21D7F1A627}.Debug|x64.ActiveCfg = Debug|Any CPU
		{F5C54664-09C2-4E13-80AC-9F21D7F1A627}.Debug|x64.Build.0 = Debug|Any CPU
		{F5C54664-09C2-4E13-80AC-9F21D7F1A627}.Debug|x86.ActiveCfg = Debug|Any CPU
		{F5C54664-09C2-4E13-80AC-9F21D7F1A627}.Debug|x86.Build.0 = Debug|Any CPU
		{F5C54664-09C2-4E13-80AC-9F21D7F1A627}.Release|Any CPU.ActiveCfg = Release|Any CPU
		{F5C54664-09C2-4E13-80AC-9F21D7F1A627}.Release|Any CPU.Build.0 = Release|Any CPU
		{F5C54664-09C2-4E13-80AC-9F21D7F1A627}.Release|x64.ActiveCfg = Release|Any CPU
		{F5C54664-09C2-4E13-80AC-9F21D7F1A627}.Release|x64.Build.0 = Release|Any CPU
		{F5C54664-09C2-4E13-80AC-9F21D7F1A627}.Release|x86.ActiveCfg = Release|Any CPU
		{F5C54664-09C2-4E13-80AC-9F21D7F1A627}.Release|x86.Build.0 = Release|Any CPU
		{65101920-1469-4E2A-A70F-1DF736E2E9B2}.Debug|Any CPU.ActiveCfg = Debug|Any CPU
		{65101920-1469-4E2A-A70F-1DF736E2E9B2}.Debug|Any CPU.Build.0 = Debug|Any CPU
		{65101920-1469-4E2A-A70F-1DF736E2E9B2}.Debug|x64.ActiveCfg = Debug|Any CPU
		{65101920-1469-4E2A-A70F-1DF736E2E9B2}.Debug|x64.Build.0 = Debug|Any CPU
		{65101920-1469-4E2A-A70F-1DF736E2E9B2}.Debug|x86.ActiveCfg = Debug|Any CPU
		{65101920-1469-4E2A-A70F-1DF736E2E9B2}.Debug|x86.Build.0 = Debug|Any CPU
		{65101920-1469-4E2A-A70F-1DF736E2E9B2}.Release|Any CPU.ActiveCfg = Release|Any CPU
		{65101920-1469-4E2A-A70F-1DF736E2E9B2}.Release|Any CPU.Build.0 = Release|Any CPU
		{65101920-1469-4E2A-A70F-1DF736E2E9B2}.Release|x64.ActiveCfg = Release|Any CPU
		{65101920-1469-4E2A-A70F-1DF736E2E9B2}.Release|x64.Build.0 = Release|Any CPU
		{65101920-1469-4E2A-A70F-1DF736E2E9B2}.Release|x86.ActiveCfg = Release|Any CPU
		{65101920-1469-4E2A-A70F-1DF736E2E9B2}.Release|x86.Build.0 = Release|Any CPU
		{3C4AC22D-1607-4615-BFE8-5CF790B80CFB}.Debug|Any CPU.ActiveCfg = Debug|Any CPU
		{3C4AC22D-1607-4615-BFE8-5CF790B80CFB}.Debug|Any CPU.Build.0 = Debug|Any CPU
		{3C4AC22D-1607-4615-BFE8-5CF790B80CFB}.Debug|x64.ActiveCfg = Debug|Any CPU
		{3C4AC22D-1607-4615-BFE8-5CF790B80CFB}.Debug|x64.Build.0 = Debug|Any CPU
		{3C4AC22D-1607-4615-BFE8-5CF790B80CFB}.Debug|x86.ActiveCfg = Debug|Any CPU
		{3C4AC22D-1607-4615-BFE8-5CF790B80CFB}.Debug|x86.Build.0 = Debug|Any CPU
		{3C4AC22D-1607-4615-BFE8-5CF790B80CFB}.Release|Any CPU.ActiveCfg = Release|Any CPU
		{3C4AC22D-1607-4615-BFE8-5CF790B80CFB}.Release|Any CPU.Build.0 = Release|Any CPU
		{3C4AC22D-1607-4615-BFE8-5CF790B80CFB}.Release|x64.ActiveCfg = Release|Any CPU
		{3C4AC22D-1607-4615-BFE8-5CF790B80CFB}.Release|x64.Build.0 = Release|Any CPU
		{3C4AC22D-1607-4615-BFE8-5CF790B80CFB}.Release|x86.ActiveCfg = Release|Any CPU
		{3C4AC22D-1607-4615-BFE8-5CF790B80CFB}.Release|x86.Build.0 = Release|Any CPU
		{52A909F9-5857-4E1A-BB84-C4285C695C8B}.Debug|Any CPU.ActiveCfg = Debug|Any CPU
		{52A909F9-5857-4E1A-BB84-C4285C695C8B}.Debug|Any CPU.Build.0 = Debug|Any CPU
		{52A909F9-5857-4E1A-BB84-C4285C695C8B}.Debug|x64.ActiveCfg = Debug|Any CPU
		{52A909F9-5857-4E1A-BB84-C4285C695C8B}.Debug|x64.Build.0 = Debug|Any CPU
		{52A909F9-5857-4E1A-BB84-C4285C695C8B}.Debug|x86.ActiveCfg = Debug|Any CPU
		{52A909F9-5857-4E1A-BB84-C4285C695C8B}.Debug|x86.Build.0 = Debug|Any CPU
		{52A909F9-5857-4E1A-BB84-C4285C695C8B}.Release|Any CPU.ActiveCfg = Release|Any CPU
		{52A909F9-5857-4E1A-BB84-C4285C695C8B}.Release|Any CPU.Build.0 = Release|Any CPU
		{52A909F9-5857-4E1A-BB84-C4285C695C8B}.Release|x64.ActiveCfg = Release|Any CPU
		{52A909F9-5857-4E1A-BB84-C4285C695C8B}.Release|x64.Build.0 = Release|Any CPU
		{52A909F9-5857-4E1A-BB84-C4285C695C8B}.Release|x86.ActiveCfg = Release|Any CPU
		{52A909F9-5857-4E1A-BB84-C4285C695C8B}.Release|x86.Build.0 = Release|Any CPU
		{5A77E0C3-4137-4935-AC23-D88DB1C26ACE}.Debug|Any CPU.ActiveCfg = Debug|Any CPU
		{5A77E0C3-4137-4935-AC23-D88DB1C26ACE}.Debug|Any CPU.Build.0 = Debug|Any CPU
		{5A77E0C3-4137-4935-AC23-D88DB1C26ACE}.Debug|x64.ActiveCfg = Debug|Any CPU
		{5A77E0C3-4137-4935-AC23-D88DB1C26ACE}.Debug|x64.Build.0 = Debug|Any CPU
		{5A77E0C3-4137-4935-AC23-D88DB1C26ACE}.Debug|x86.ActiveCfg = Debug|Any CPU
		{5A77E0C3-4137-4935-AC23-D88DB1C26ACE}.Debug|x86.Build.0 = Debug|Any CPU
		{5A77E0C3-4137-4935-AC23-D88DB1C26ACE}.Release|Any CPU.ActiveCfg = Release|Any CPU
		{5A77E0C3-4137-4935-AC23-D88DB1C26ACE}.Release|Any CPU.Build.0 = Release|Any CPU
		{5A77E0C3-4137-4935-AC23-D88DB1C26ACE}.Release|x64.ActiveCfg = Release|Any CPU
		{5A77E0C3-4137-4935-AC23-D88DB1C26ACE}.Release|x64.Build.0 = Release|Any CPU
		{5A77E0C3-4137-4935-AC23-D88DB1C26ACE}.Release|x86.ActiveCfg = Release|Any CPU
		{5A77E0C3-4137-4935-AC23-D88DB1C26ACE}.Release|x86.Build.0 = Release|Any CPU
		{451CA9BB-AE49-46B3-A80E-44A8E8A75141}.Debug|Any CPU.ActiveCfg = Debug|Any CPU
		{451CA9BB-AE49-46B3-A80E-44A8E8A75141}.Debug|Any CPU.Build.0 = Debug|Any CPU
		{451CA9BB-AE49-46B3-A80E-44A8E8A75141}.Debug|x64.ActiveCfg = Debug|Any CPU
		{451CA9BB-AE49-46B3-A80E-44A8E8A75141}.Debug|x64.Build.0 = Debug|Any CPU
		{451CA9BB-AE49-46B3-A80E-44A8E8A75141}.Debug|x86.ActiveCfg = Debug|Any CPU
		{451CA9BB-AE49-46B3-A80E-44A8E8A75141}.Debug|x86.Build.0 = Debug|Any CPU
		{451CA9BB-AE49-46B3-A80E-44A8E8A75141}.Release|Any CPU.ActiveCfg = Release|Any CPU
		{451CA9BB-AE49-46B3-A80E-44A8E8A75141}.Release|Any CPU.Build.0 = Release|Any CPU
		{451CA9BB-AE49-46B3-A80E-44A8E8A75141}.Release|x64.ActiveCfg = Release|Any CPU
		{451CA9BB-AE49-46B3-A80E-44A8E8A75141}.Release|x64.Build.0 = Release|Any CPU
		{451CA9BB-AE49-46B3-A80E-44A8E8A75141}.Release|x86.ActiveCfg = Release|Any CPU
		{451CA9BB-AE49-46B3-A80E-44A8E8A75141}.Release|x86.Build.0 = Release|Any CPU
		{A1AFE9FF-16DA-452C-946C-BD6FAA350F4B}.Debug|Any CPU.ActiveCfg = Debug|Any CPU
		{A1AFE9FF-16DA-452C-946C-BD6FAA350F4B}.Debug|Any CPU.Build.0 = Debug|Any CPU
		{A1AFE9FF-16DA-452C-946C-BD6FAA350F4B}.Debug|x64.ActiveCfg = Debug|Any CPU
		{A1AFE9FF-16DA-452C-946C-BD6FAA350F4B}.Debug|x64.Build.0 = Debug|Any CPU
		{A1AFE9FF-16DA-452C-946C-BD6FAA350F4B}.Debug|x86.ActiveCfg = Debug|Any CPU
		{A1AFE9FF-16DA-452C-946C-BD6FAA350F4B}.Debug|x86.Build.0 = Debug|Any CPU
		{A1AFE9FF-16DA-452C-946C-BD6FAA350F4B}.Release|Any CPU.ActiveCfg = Release|Any CPU
		{A1AFE9FF-16DA-452C-946C-BD6FAA350F4B}.Release|Any CPU.Build.0 = Release|Any CPU
		{A1AFE9FF-16DA-452C-946C-BD6FAA350F4B}.Release|x64.ActiveCfg = Release|Any CPU
		{A1AFE9FF-16DA-452C-946C-BD6FAA350F4B}.Release|x64.Build.0 = Release|Any CPU
		{A1AFE9FF-16DA-452C-946C-BD6FAA350F4B}.Release|x86.ActiveCfg = Release|Any CPU
		{A1AFE9FF-16DA-452C-946C-BD6FAA350F4B}.Release|x86.Build.0 = Release|Any CPU
		{35BF2D80-703C-436A-A2E6-E3329131C817}.Debug|Any CPU.ActiveCfg = Debug|Any CPU
		{35BF2D80-703C-436A-A2E6-E3329131C817}.Debug|Any CPU.Build.0 = Debug|Any CPU
		{35BF2D80-703C-436A-A2E6-E3329131C817}.Debug|x64.ActiveCfg = Debug|Any CPU
		{35BF2D80-703C-436A-A2E6-E3329131C817}.Debug|x64.Build.0 = Debug|Any CPU
		{35BF2D80-703C-436A-A2E6-E3329131C817}.Debug|x86.ActiveCfg = Debug|Any CPU
		{35BF2D80-703C-436A-A2E6-E3329131C817}.Debug|x86.Build.0 = Debug|Any CPU
		{35BF2D80-703C-436A-A2E6-E3329131C817}.Release|Any CPU.ActiveCfg = Release|Any CPU
		{35BF2D80-703C-436A-A2E6-E3329131C817}.Release|Any CPU.Build.0 = Release|Any CPU
		{35BF2D80-703C-436A-A2E6-E3329131C817}.Release|x64.ActiveCfg = Release|Any CPU
		{35BF2D80-703C-436A-A2E6-E3329131C817}.Release|x64.Build.0 = Release|Any CPU
		{35BF2D80-703C-436A-A2E6-E3329131C817}.Release|x86.ActiveCfg = Release|Any CPU
		{35BF2D80-703C-436A-A2E6-E3329131C817}.Release|x86.Build.0 = Release|Any CPU
	EndGlobalSection
	GlobalSection(SolutionProperties) = preSolution
		HideSolutionNode = FALSE
	EndGlobalSection
	GlobalSection(NestedProjects) = preSolution
		{B9B6650B-7025-C9C0-BCFD-BDEDF1640D80} = {1AE8ACA6-933B-BF2A-3671-3E2EAC007D16}
		{450D6CF7-D6B3-4157-8431-417A7F1571B4} = {B9B6650B-7025-C9C0-BCFD-BDEDF1640D80}
		{CC2D57EC-5DA0-461D-B979-7F9FC6E9A7E4} = {B9B6650B-7025-C9C0-BCFD-BDEDF1640D80}
		{E263299B-4295-4FB9-AD14-B515A8D84E9E} = {B9B6650B-7025-C9C0-BCFD-BDEDF1640D80}
		{95AF1480-9F84-72C8-4930-CB7FF39A86E3} = {1AE8ACA6-933B-BF2A-3671-3E2EAC007D16}
		{5B05D1AE-F58B-888C-9C85-773872D140FA} = {95AF1480-9F84-72C8-4930-CB7FF39A86E3}
		{CED95CF3-7AEA-46E3-95DB-D69F13FA5DA4} = {5B05D1AE-F58B-888C-9C85-773872D140FA}
		{4453DD74-EB79-4A38-9581-0DA39BD7ED43} = {5B05D1AE-F58B-888C-9C85-773872D140FA}
		{27E4377B-2384-4513-AA0F-C2DB0BD09686} = {5B05D1AE-F58B-888C-9C85-773872D140FA}
		{341789BB-1E37-437E-BE39-F491855EA57B} = {5B05D1AE-F58B-888C-9C85-773872D140FA}
		{15B68F2D-25F3-8FED-3135-D5BD3BFFC4BD} = {95AF1480-9F84-72C8-4930-CB7FF39A86E3}
		{69AAF0EA-7094-4D30-B4A0-177A7331BD41} = {15B68F2D-25F3-8FED-3135-D5BD3BFFC4BD}
		{F89401E8-D763-4697-9E46-32F3B9F51287} = {15B68F2D-25F3-8FED-3135-D5BD3BFFC4BD}
		{C4F633FE-2982-4DAB-A6F0-0D8F6AE64D79} = {15B68F2D-25F3-8FED-3135-D5BD3BFFC4BD}
		{33D3142F-937C-4C7E-B387-45BE8BA6D91D} = {15B68F2D-25F3-8FED-3135-D5BD3BFFC4BD}
		{5BB0EF3F-25EE-EAD7-B39D-9C6081EB764B} = {95AF1480-9F84-72C8-4930-CB7FF39A86E3}
		{57B2DF16-9533-4B98-8C4D-4439D862EB71} = {5BB0EF3F-25EE-EAD7-B39D-9C6081EB764B}
		{F5C54664-09C2-4E13-80AC-9F21D7F1A627} = {5BB0EF3F-25EE-EAD7-B39D-9C6081EB764B}
		{65101920-1469-4E2A-A70F-1DF736E2E9B2} = {5BB0EF3F-25EE-EAD7-B39D-9C6081EB764B}
		{3C4AC22D-1607-4615-BFE8-5CF790B80CFB} = {5BB0EF3F-25EE-EAD7-B39D-9C6081EB764B}
		{5A608D92-2659-46BF-741E-F98BC9490CA6} = {95AF1480-9F84-72C8-4930-CB7FF39A86E3}
		{52A909F9-5857-4E1A-BB84-C4285C695C8B} = {5A608D92-2659-46BF-741E-F98BC9490CA6}
		{5A77E0C3-4137-4935-AC23-D88DB1C26ACE} = {5A608D92-2659-46BF-741E-F98BC9490CA6}
		{451CA9BB-AE49-46B3-A80E-44A8E8A75141} = {5A608D92-2659-46BF-741E-F98BC9490CA6}
		{A1AFE9FF-16DA-452C-946C-BD6FAA350F4B} = {5A608D92-2659-46BF-741E-F98BC9490CA6}
		{35BF2D80-703C-436A-A2E6-E3329131C817} = {1AE8ACA6-933B-BF2A-3671-3E2EAC007D16}
	EndGlobalSection
EndGlobal
